{
  "name": "assemblyscript_dapp_demo",
  "version": "1.0.0",
  "lockfileVersion": 1,
  "requires": true,
  "dependencies": {
    "@assemblyscript/loader": {
      "version": "0.13.7",
      "resolved": "https://registry.npmjs.org/@assemblyscript/loader/-/loader-0.13.7.tgz",
      "integrity": "sha512-4JoZfhWo/diTZDtEXzEk/NW9wr6kK1kLx8g47IIcVvrVI1QM6nsQNujWXzSKA2EdlkwLVMiuJqIJUXEqaEKd8A=="
    },
    "assemblyscript": {
      "version": "0.13.7",
      "resolved": "https://registry.npmjs.org/assemblyscript/-/assemblyscript-0.13.7.tgz",
      "integrity": "sha512-vQSq71fnR1MN0WfuBbuh0DY1xndktZtqArHAO7PA7IvQ+02nzFA460CKO7b7FbEwEzCulkjrI45RHaOBbEQaFA==",
      "dev": true,
      "requires": {
        "binaryen": "93.0.0-nightly.20200609",
        "long": "^4.0.0"
      }
    },
    "binaryen": {
      "version": "93.0.0-nightly.20200609",
      "resolved": "https://registry.npmjs.org/binaryen/-/binaryen-93.0.0-nightly.20200609.tgz",
      "integrity": "sha512-CIaeav05u+fWRN2h1ecwIoSaOF/Mk6U85M/G6eg1nOHAXYYmOuh9TztF9Fu8krRWnl98J3W+VfDClApMV5zCtw==",
      "dev": true
    },
    "long": {
      "version": "4.0.0",
      "resolved": "https://registry.npmjs.org/long/-/long-4.0.0.tgz",
      "integrity": "sha512-XsP+KhQif4bjX1kbuSiySJFNAehNxgLb6hPRGJ9QsUr8ajHkuXGdrHmFUTUUXhDwVX2R5bY4JNZEwbUiMhV+MA==",
      "dev": true
    }
  }
}
